
Microsoft Visual Studio Solution File, Format Version 12.00
# Visual Studio Version 16
VisualStudioVersion = 16.0.30523.141
MinimumVisualStudioVersion = 10.0.40219.1
Project("{FAE04EC0-301F-11D3-BF4B-00C04F79EFBC}") = "MiniDukkan", "MiniDukkan\MiniDukkan.csproj", "{CA9D2F14-54A9-41D0-905D-DD70E06D8B05}"
EndProject
Global
	GlobalSection(SolutionConfigurationPlatforms) = preSolution
		Debug|Any CPU = Debug|Any CPU
		Release|Any CPU = Release|Any CPU
	EndGlobalSection
	GlobalSection(ProjectConfigurationPlatforms) = postSolution
		{CA9D2F14-54A9-41D0-905D-DD70E06D8B05}.Debug|Any CPU.ActiveCfg = Debug|Any CPU
		{CA9D2F14-54A9-41D0-905D-DD70E06D8B05}.Debug|Any CPU.Build.0 = Debug|Any CPU
		{CA9D2F14-54A9-41D0-905D-DD70E06D8B05}.Release|Any CPU.ActiveCfg = Release|Any CPU
		{CA9D2F14-54A9-41D0-905D-DD70E06D8B05}.Release|Any CPU.Build.0 = Release|Any CPU
	EndGlobalSection
	GlobalSection(SolutionProperties) = preSolution
		HideSolutionNode = FALSE
	EndGlobalSection
	GlobalSection(ExtensibilityGlobals) = postSolution
		SolutionGuid = {164E116F-0E46-4902-B654-AA6056F38A43}
	EndGlobalSection
EndGlobal
